lockfileVersion: '9.0'

settings:
  autoInstallPeers: true
  excludeLinksFromLockfile: false

importers:
  .:
    devDependencies:
      '@types/lodash':
        specifier: ^4.14.158
        version: 4.14.158
      '@types/node':
        specifier: ^14.0.26
        version: 14.0.27
      '@types/react':
        specifier: ^16.9.43
        version: 16.9.43
      '@types/react-dom':
        specifier: ^16.9.8
        version: 16.9.8
      lodash:
        specifier: ^4.17.19
        version: 4.17.19
      react:
        specifier: ^16.13.1
        version: 16.13.1
      react-dom:
        specifier: ^16.13.1
        version: 16.13.1(react@16.13.1)
      tslib:
        specifier: ^2.0.0
        version: 2.0.0
      typescript:
        specifier: 5.9.3
        version: 5.9.3

packages:
  '@types/lodash@4.14.158':
    resolution: {integrity: sha512-InCEXJNTv/59yO4VSfuvNrZHt7eeNtWQEgnieIA+mIC+MOWM9arOWG2eQ8Vhk6NbOre6/BidiXhkZYeDY9U35w==}

  '@types/node@14.0.27':
    resolution: {integrity: sha512-kVrqXhbclHNHGu9ztnAwSncIgJv/FaxmzXJvGXNdcCpV1b8u1/Mi6z6m0vwy0LzKeXFTPLH0NzwmoJ3fNCIq0g==}

  '@types/prop-types@15.7.3':
    resolution: {integrity: sha512-KfRL3PuHmqQLOG+2tGpRO26Ctg+Cq1E01D2DMriKEATHgWLfeNDmq9e29Q9WIky0dQ3NPkd1mzYH8Lm936Z9qw==}

  '@types/react-dom@16.9.8':
    resolution: {integrity: sha512-ykkPQ+5nFknnlU6lDd947WbQ6TE3NNzbQAkInC2EKY1qeYdTKp7onFusmYZb+ityzx2YviqT6BXSu+LyWWJwcA==}

  '@types/react@16.9.43':
    resolution: {integrity: sha512-PxshAFcnJqIWYpJbLPriClH53Z2WlJcVZE+NP2etUtWQs2s7yIMj3/LDKZT/5CHJ/F62iyjVCDu2H3jHEXIxSg==}

  csstype@2.6.13:
    resolution: {integrity: sha512-ul26pfSQTZW8dcOnD2iiJssfXw0gdNVX9IJDH/X3K5DGPfj+fUYe3kB+swUY6BF3oZDxaID3AJt+9/ojSAE05A==}

  js-tokens@4.0.0:
    resolution: {integrity: sha512-RdJUflcE3cUzKiMqQgsCu06FPu9UdIJO0beYbPhHN4k6apgJtifcoCtT9bcxOpYBtpD2kCM6Sbzg4CausW/PKQ==}

  lodash@4.17.19:
    resolution: {integrity: sha512-JNvd8XER9GQX0v2qJgsaN/mzFCNA5BRe/j8JN9d+tWyGLSodKQHKFicdwNYzWwI3wjRnaKPsGj1XkBjx/F96DQ==}

  loose-envify@1.4.0:
    resolution: {integrity: sha512-lyuxPGr/Wfhrlem2CL/UcnUc1zcqKAImBDzukY7Y5F/yQiNdko6+fRLevlw1HgMySw7f611UIY408EtxRSoK3Q==}
    hasBin: true

  object-assign@4.1.1:
    resolution: {integrity: sha1-IQmtx5ZYh8/AXLvUQsrIv7s2CGM=}
    engines: {node: '>=0.10.0'}

  prop-types@15.7.2:
    resolution: {integrity: sha512-8QQikdH7//R2vurIJSutZ1smHYTcLpRWEOlHnzcWHmBYrOGUysKwSsrC89BCiFj3CbrfJ/nXFdJepOVrY1GCHQ==}

  react-dom@16.13.1:
    resolution: {integrity: sha512-81PIMmVLnCNLO/fFOQxdQkvEq/+Hfpv24XNJfpyZhTRfO0QcmQIF/PgCa1zCOj2w1hrn12MFLyaJ/G0+Mxtfag==}
    peerDependencies:
      react: 16.13.1

  react-is@16.13.1:
    resolution: {integrity: sha512-24e6ynE2H+OKt4kqsOvNd8kBpV65zoxbA4BVsEOB3ARVWQki/DHzaUoC5KuON/BiccDaCCTZBuOcfZs70kR8bQ==}

  react@16.13.1:
    resolution: {integrity: sha512-YMZQQq32xHLX0bz5Mnibv1/LHb3Sqzngu7xstSM+vrkE5Kzr9xE0yMByK5kMoTK30YVJE61WfbxIFFvfeDKT1w==}
    engines: {node: '>=0.10.0'}

  scheduler@0.19.1:
    resolution: {integrity: sha512-n/zwRWRYSUj0/3g/otKDRPMh6qv2SYMWNq85IEa8iZyAv8od9zDYpGSnpBEjNgcMNq6Scbu5KfIPxNF72R/2EA==}

  tslib@2.0.0:
    resolution: {integrity: sha512-lTqkx847PI7xEDYJntxZH89L2/aXInsyF2luSafe/+0fHOMjlBNXdH6th7f70qxLDhul7KZK0zC8V5ZIyHl0/g==}

  typescript@5.9.3:
    resolution: {integrity: sha512-jl1vZzPDinLr9eUt3J/t7V6FgNEw9QjvBPdysz9KfQDD41fQrC2Y4vKQdiaUpFT4bXlb1RHhLpp8wtm6M5TgSw==}
    engines: {node: '>=14.17'}
    hasBin: true

snapshots:
  '@types/lodash@4.14.158': {}

  '@types/node@14.0.27': {}

  '@types/prop-types@15.7.3': {}

  '@types/react-dom@16.9.8':
    dependencies:
      '@types/react': 16.9.43

  '@types/react@16.9.43':
    dependencies:
      '@types/prop-types': 15.7.3
      csstype: 2.6.13

  csstype@2.6.13: {}

  js-tokens@4.0.0: {}

  lodash@4.17.19: {}

  loose-envify@1.4.0:
    dependencies:
      js-tokens: 4.0.0

  object-assign@4.1.1: {}

  prop-types@15.7.2:
    dependencies:
      loose-envify: 1.4.0
      object-assign: 4.1.1
      react-is: 16.13.1

  react-dom@16.13.1(react@16.13.1):
    dependencies:
      loose-envify: 1.4.0
      object-assign: 4.1.1
      prop-types: 15.7.2
      react: 16.13.1
      scheduler: 0.19.1

  react-is@16.13.1: {}

  react@16.13.1:
    dependencies:
      loose-envify: 1.4.0
      object-assign: 4.1.1
      prop-types: 15.7.2

  scheduler@0.19.1:
    dependencies:
      loose-envify: 1.4.0
      object-assign: 4.1.1

  tslib@2.0.0: {}

  typescript@5.9.3: {}
